
Microsoft Visual Studio Solution File, Format Version 12.00
# Visual Studio Version 17
VisualStudioVersion = 17.4.33110.190
MinimumVisualStudioVersion = 10.0.40219.1
Project("{FAE04EC0-301F-11D3-BF4B-00C04F79EFBC}") = "UlearnGameMG", "UlearnGameMG\UlearnGameMG.csproj", "{E3FE05FA-33C7-47AA-8070-25FED9088DA0}"
EndProject
Global
	GlobalSection(SolutionConfigurationPlatforms) = preSolution
		Debug|Any CPU = Debug|Any CPU
		Release|Any CPU = Release|Any CPU
	EndGlobalSection
	GlobalSection(ProjectConfigurationPlatforms) = postSolution
		{E3FE05FA-33C7-47AA-8070-25FED9088DA0}.Debug|Any CPU.ActiveCfg = Debug|Any CPU
		{E3FE05FA-33C7-47AA-8070-25FED9088DA0}.Debug|Any CPU.Build.0 = Debug|Any CPU
		{E3FE05FA-33C7-47AA-8070-25FED9088DA0}.Release|Any CPU.ActiveCfg = Release|Any CPU
		{E3FE05FA-33C7-47AA-8070-25FED9088DA0}.Release|Any CPU.Build.0 = Release|Any CPU
	EndGlobalSection
	GlobalSection(SolutionProperties) = preSolution
		HideSolutionNode = FALSE
	EndGlobalSection
	GlobalSection(ExtensibilityGlobals) = postSolution
		SolutionGuid = {24B8779A-EE28-4A74-B2BD-AF5FC770DEC2}
	EndGlobalSection
EndGlobal
